PODS:
  - Capacitor (5.0.4):
    - CapacitorCordova
  - CapacitorApp (5.0.2):
    - Capacitor
  - CapacitorCordova (5.0.4)
  - CapacitorHaptics (5.0.2):
    - Capacitor
  - CapacitorKeyboard (5.0.2):
    - Capacitor
  - CapacitorPluginAppTrackingTransparency (2.0.3):
    - Capacitor
  - CapacitorStatusBar (5.0.2):
    - Capacitor

DEPENDENCIES:
  - "Capacitor (from `../../node_modules/@capacitor/ios`)"
  - "CapacitorApp (from `../../node_modules/@capacitor/app`)"
  - "CapacitorCordova (from `../../node_modules/@capacitor/ios`)"
  - "CapacitorHaptics (from `../../node_modules/@capacitor/haptics`)"
  - "CapacitorKeyboard (from `../../node_modules/@capacitor/keyboard`)"
  - CapacitorPluginAppTrackingTransparency (from `../../node_modules/capacitor-plugin-app-tracking-transparency`)
  - "CapacitorStatusBar (from `../../node_modules/@capacitor/status-bar`)"

EXTERNAL SOURCES:
  Capacitor:
    :path: "../../node_modules/@capacitor/ios"
  CapacitorApp:
    :path: "../../node_modules/@capacitor/app"
  CapacitorCordova:
    :path: "../../node_modules/@capacitor/ios"
  CapacitorHaptics:
    :path: "../../node_modules/@capacitor/haptics"
  CapacitorKeyboard:
    :path: "../../node_modules/@capacitor/keyboard"
  CapacitorPluginAppTrackingTransparency:
    :path: "../../node_modules/capacitor-plugin-app-tracking-transparency"
  CapacitorStatusBar:
    :path: "../../node_modules/@capacitor/status-bar"

SPEC CHECKSUMS:
  Capacitor: d3d4463573438b9fa65326d1f3549da6f4c21634
  CapacitorApp: 28fef1fd75b2b3686e875216806fb8416d421097
  CapacitorCordova: b1fe6bf1f36974a8e4a9044b342d22d49c0996d6
  CapacitorHaptics: 864585542a435bd41eaabf7f30d9ff5ec03024d3
  CapacitorKeyboard: e628d4e66d621c69e449945ebabded17c5b9c2e8
  CapacitorPluginAppTrackingTransparency: b1d1979fe359b89141017f2ae76222a15e3ae68b
  CapacitorStatusBar: 48f2899f6846cc7d8431b251ebfc58e1c10e3d58

PODFILE CHECKSUM: 3b9d8468b20e2fded8e30619c68f56b8701f9198

COCOAPODS: 1.11.3
